// !$*UTF8*$!
{
	archiveVersion = 1;
	classes = {
	};
	objectVersion = 50;
	objects = {

/* Begin PBXBuildFile section */
		2B3C651024FEA5E200082FFF /* main.c in Sources */ = {isa = PBXBuildFile; fileRef = 2B3C650F24FEA5E200082FFF /* main.c */; };
		2B3C651824FEAD3B00082FFF /* auto_test.py in CopyFiles */ = {isa = PBXBuildFile; fileRef = 2B3C651624FEAD3B00082FFF /* auto_test.py */; };
		2B3C651C24FEC3C100082FFF /* aeUtils.c in Sources */ = {isa = PBXBuildFile; fileRef = 2B3C651B24FEC3C100082FFF /* aeUtils.c */; };
		2B3C651F24FEC48400082FFF /* test.c in Sources */ = {isa = PBXBuildFile; fileRef = 2B3C651E24FEC48400082FFF /* test.c */; };
		2B3C652224FF59C700082FFF /* asm.c in Sources */ = {isa = PBXBuildFile; fileRef = 2B3C652124FF59C700082FFF /* asm.c */; };
		2B3C652825009B1000082FFF /* aeList.c in Sources */ = {isa = PBXBuildFile; fileRef = 2B3C652725009B1000082FFF /* aeList.c */; };
		2B3C652E250121FA00082FFF /* aeMap.c in Sources */ = {isa = PBXBuildFile; fileRef = 2B3C652D250121FA00082FFF /* aeMap.c */; };
		2B3C653425069F0200082FFF /* vm.c in Sources */ = {isa = PBXBuildFile; fileRef = 2B3C653325069F0200082FFF /* vm.c */; };
		2B3C65372506A1C600082FFF /* vmTest.c in Sources */ = {isa = PBXBuildFile; fileRef = 2B3C65362506A1C600082FFF /* vmTest.c */; };
		C145F4E624FFD26C00A55F1D /* aeString.c in Sources */ = {isa = PBXBuildFile; fileRef = C145F4E524FFD26C00A55F1D /* aeString.c */; };
/* End PBXBuildFile section */

/* Begin PBXCopyFilesBuildPhase section */
		2B3C650A24FEA5E200082FFF /* CopyFiles */ = {
			isa = PBXCopyFilesBuildPhase;
			buildActionMask = 12;
			dstPath = usr/share/man/man1;
			dstSubfolderSpec = 16;
			files = (
				2B3C651824FEAD3B00082FFF /* auto_test.py in CopyFiles */,
			);
			runOnlyForDeploymentPostprocessing = 0;
		};
/* End PBXCopyFilesBuildPhase section */

/* Begin PBXFileReference section */
		2B3C650C24FEA5E200082FFF /* asm */ = {isa = PBXFileReference; explicitFileType = "compiled.mach-o.executable"; includeInIndex = 0; path = asm; sourceTree = BUILT_PRODUCTS_DIR; };
		2B3C650F24FEA5E200082FFF /* main.c */ = {isa = PBXFileReference; lastKnownFileType = sourcecode.c.c; path = main.c; sourceTree = "<group>"; };
		2B3C651624FEAD3B00082FFF /* auto_test.py */ = {isa = PBXFileReference; lastKnownFileType = text.script.python; path = auto_test.py; sourceTree = "<group>"; };
		2B3C651A24FEC3C100082FFF /* aeUtils.h */ = {isa = PBXFileReference; lastKnownFileType = sourcecode.c.h; path = aeUtils.h; sourceTree = "<group>"; };
		2B3C651B24FEC3C100082FFF /* aeUtils.c */ = {isa = PBXFileReference; lastKnownFileType = sourcecode.c.c; path = aeUtils.c; sourceTree = "<group>"; };
		2B3C651D24FEC48400082FFF /* test.h */ = {isa = PBXFileReference; lastKnownFileType = sourcecode.c.h; path = test.h; sourceTree = "<group>"; };
		2B3C651E24FEC48400082FFF /* test.c */ = {isa = PBXFileReference; lastKnownFileType = sourcecode.c.c; path = test.c; sourceTree = "<group>"; };
		2B3C652024FF59C700082FFF /* asm.h */ = {isa = PBXFileReference; lastKnownFileType = sourcecode.c.h; path = asm.h; sourceTree = "<group>"; };
		2B3C652124FF59C700082FFF /* asm.c */ = {isa = PBXFileReference; lastKnownFileType = sourcecode.c.c; path = asm.c; sourceTree = "<group>"; };
		2B3C652625009B1000082FFF /* aeList.h */ = {isa = PBXFileReference; lastKnownFileType = sourcecode.c.h; path = aeList.h; sourceTree = "<group>"; };
		2B3C652725009B1000082FFF /* aeList.c */ = {isa = PBXFileReference; lastKnownFileType = sourcecode.c.c; path = aeList.c; sourceTree = "<group>"; };
		2B3C652C250121FA00082FFF /* aeMap.h */ = {isa = PBXFileReference; lastKnownFileType = sourcecode.c.h; path = aeMap.h; sourceTree = "<group>"; };
		2B3C652D250121FA00082FFF /* aeMap.c */ = {isa = PBXFileReference; lastKnownFileType = sourcecode.c.c; path = aeMap.c; sourceTree = "<group>"; };
		2B3C653225069F0200082FFF /* vm.h */ = {isa = PBXFileReference; lastKnownFileType = sourcecode.c.h; path = vm.h; sourceTree = "<group>"; };
		2B3C653325069F0200082FFF /* vm.c */ = {isa = PBXFileReference; lastKnownFileType = sourcecode.c.c; path = vm.c; sourceTree = "<group>"; };
		2B3C65352506A1C600082FFF /* vmTest.h */ = {isa = PBXFileReference; lastKnownFileType = sourcecode.c.h; path = vmTest.h; sourceTree = "<group>"; };
		2B3C65362506A1C600082FFF /* vmTest.c */ = {isa = PBXFileReference; lastKnownFileType = sourcecode.c.c; path = vmTest.c; sourceTree = "<group>"; };
		C145F4E424FFD26C00A55F1D /* aeString.h */ = {isa = PBXFileReference; lastKnownFileType = sourcecode.c.h; path = aeString.h; sourceTree = "<group>"; };
		C145F4E524FFD26C00A55F1D /* aeString.c */ = {isa = PBXFileReference; lastKnownFileType = sourcecode.c.c; path = aeString.c; sourceTree = "<group>"; };
/* End PBXFileReference section */

/* Begin PBXFrameworksBuildPhase section */
		2B3C650924FEA5E200082FFF /* Frameworks */ = {
			isa = PBXFrameworksBuildPhase;
			buildActionMask = 2147483647;
			files = (
			);
			runOnlyForDeploymentPostprocessing = 0;
		};
/* End PBXFrameworksBuildPhase section */

/* Begin PBXGroup section */
		2B3C650324FEA5E200082FFF = {
			isa = PBXGroup;
			children = (
				2B3C650E24FEA5E200082FFF /* asm */,
				2B3C650D24FEA5E200082FFF /* Products */,
			);
			sourceTree = "<group>";
		};
		2B3C650D24FEA5E200082FFF /* Products */ = {
			isa = PBXGroup;
			children = (
				2B3C650C24FEA5E200082FFF /* asm */,
			);
			name = Products;
			sourceTree = "<group>";
		};
		2B3C650E24FEA5E200082FFF /* asm */ = {
			isa = PBXGroup;
			children = (
				2B3C652725009B1000082FFF /* aeList.c */,
				2B3C652625009B1000082FFF /* aeList.h */,
				2B3C652D250121FA00082FFF /* aeMap.c */,
				2B3C652C250121FA00082FFF /* aeMap.h */,
				C145F4E524FFD26C00A55F1D /* aeString.c */,
				C145F4E424FFD26C00A55F1D /* aeString.h */,
				2B3C652124FF59C700082FFF /* asm.c */,
				2B3C652024FF59C700082FFF /* asm.h */,
				2B3C651624FEAD3B00082FFF /* auto_test.py */,
				2B3C650F24FEA5E200082FFF /* main.c */,
				2B3C653225069F0200082FFF /* vm.h */,
				2B3C653325069F0200082FFF /* vm.c */,
				2B3C651E24FEC48400082FFF /* test.c */,
				2B3C651D24FEC48400082FFF /* test.h */,
				2B3C65352506A1C600082FFF /* vmTest.h */,
				2B3C65362506A1C600082FFF /* vmTest.c */,
				2B3C651B24FEC3C100082FFF /* aeUtils.c */,
				2B3C651A24FEC3C100082FFF /* aeUtils.h */,
			);
			path = asm;
			sourceTree = "<group>";
		};
/* End PBXGroup section */

/* Begin PBXNativeTarget section */
		2B3C650B24FEA5E200082FFF /* asm */ = {
			isa = PBXNativeTarget;
			buildConfigurationList = 2B3C651324FEA5E200082FFF /* Build configuration list for PBXNativeTarget "asm" */;
			buildPhases = (
				2B3C650824FEA5E200082FFF /* Sources */,
				2B3C650924FEA5E200082FFF /* Frameworks */,
				2B3C650A24FEA5E200082FFF /* CopyFiles */,
			);
			buildRules = (
			);
			dependencies = (
			);
			name = asm;
			productName = asm;
			productReference = 2B3C650C24FEA5E200082FFF /* asm */;
			productType = "com.apple.product-type.tool";
		};
/* End PBXNativeTarget section */

/* Begin PBXProject section */
		2B3C650424FEA5E200082FFF /* Project object */ = {
			isa = PBXProject;
			attributes = {
				LastUpgradeCheck = 1030;
				ORGANIZATIONNAME = bytedance;
				TargetAttributes = {
					2B3C650B24FEA5E200082FFF = {
						CreatedOnToolsVersion = 10.3;
					};
				};
			};
			buildConfigurationList = 2B3C650724FEA5E200082FFF /* Build configuration list for PBXProject "asm" */;
			compatibilityVersion = "Xcode 9.3";
			developmentRegion = en;
			hasScannedForEncodings = 0;
			knownRegions = (
				en,
			);
			mainGroup = 2B3C650324FEA5E200082FFF;
			productRefGroup = 2B3C650D24FEA5E200082FFF /* Products */;
			projectDirPath = "";
			projectRoot = "";
			targets = (
				2B3C650B24FEA5E200082FFF /* asm */,
			);
		};
/* End PBXProject section */

/* Begin PBXSourcesBuildPhase section */
		2B3C650824FEA5E200082FFF /* Sources */ = {
			isa = PBXSourcesBuildPhase;
			buildActionMask = 2147483647;
			files = (
				2B3C653425069F0200082FFF /* vm.c in Sources */,
				C145F4E624FFD26C00A55F1D /* aeString.c in Sources */,
				2B3C652825009B1000082FFF /* aeList.c in Sources */,
				2B3C651F24FEC48400082FFF /* test.c in Sources */,
				2B3C65372506A1C600082FFF /* vmTest.c in Sources */,
				2B3C651024FEA5E200082FFF /* main.c in Sources */,
				2B3C652E250121FA00082FFF /* aeMap.c in Sources */,
				2B3C651C24FEC3C100082FFF /* aeUtils.c in Sources */,
				2B3C652224FF59C700082FFF /* asm.c in Sources */,
			);
			runOnlyForDeploymentPostprocessing = 0;
		};
/* End PBXSourcesBuildPhase section */

/* Begin XCBuildConfiguration section */
		2B3C651124FEA5E200082FFF /* Debug */ = {
			isa = XCBuildConfiguration;
			buildSettings = {
				ALWAYS_SEARCH_USER_PATHS = NO;
				CLANG_ANALYZER_NONNULL = YES;
				CLANG_ANALYZER_NUMBER_OBJECT_CONVERSION = YES_AGGRESSIVE;
				CLANG_CXX_LANGUAGE_STANDARD = "gnu++14";
				CLANG_CXX_LIBRARY = "libc++";
				CLANG_ENABLE_MODULES = YES;
				CLANG_ENABLE_OBJC_ARC = YES;
				CLANG_ENABLE_OBJC_WEAK = YES;
				CLANG_WARN_BLOCK_CAPTURE_AUTORELEASING = YES;
				CLANG_WARN_BOOL_CONVERSION = YES;
				CLANG_WARN_COMMA = YES;
				CLANG_WARN_CONSTANT_CONVERSION = YES;
				CLANG_WARN_DEPRECATED_OBJC_IMPLEMENTATIONS = YES;
				CLANG_WARN_DIRECT_OBJC_ISA_USAGE = YES_ERROR;
				CLANG_WARN_DOCUMENTATION_COMMENTS = YES;
				CLANG_WARN_EMPTY_BODY = YES;
				CLANG_WARN_ENUM_CONVERSION = YES;
				CLANG_WARN_INFINITE_RECURSION = YES;
				CLANG_WARN_INT_CONVERSION = YES;
				CLANG_WARN_NON_LITERAL_NULL_CONVERSION = YES;
				CLANG_WARN_OBJC_IMPLICIT_RETAIN_SELF = YES;
				CLANG_WARN_OBJC_LITERAL_CONVERSION = YES;
				CLANG_WARN_OBJC_ROOT_CLASS = YES_ERROR;
				CLANG_WARN_RANGE_LOOP_ANALYSIS = YES;
				CLANG_WARN_STRICT_PROTOTYPES = YES;
				CLANG_WARN_SUSPICIOUS_MOVE = YES;
				CLANG_WARN_UNGUARDED_AVAILABILITY = YES_AGGRESSIVE;
				CLANG_WARN_UNREACHABLE_CODE = YES;
				CLANG_WARN__DUPLICATE_METHOD_MATCH = YES;
				CODE_SIGN_IDENTITY = "-";
				COPY_PHASE_STRIP = NO;
				DEBUG_INFORMATION_FORMAT = dwarf;
				ENABLE_STRICT_OBJC_MSGSEND = YES;
				ENABLE_TESTABILITY = YES;
				GCC_C_LANGUAGE_STANDARD = gnu11;
				GCC_DYNAMIC_NO_PIC = NO;
				GCC_NO_COMMON_BLOCKS = YES;
				GCC_OPTIMIZATION_LEVEL = 0;
				GCC_PREPROCESSOR_DEFINITIONS = (
					"DEBUG=1",
					"$(inherited)",
				);
				GCC_WARN_64_TO_32_BIT_CONVERSION = YES;
				GCC_WARN_ABOUT_RETURN_TYPE = YES_ERROR;
				GCC_WARN_UNDECLARED_SELECTOR = YES;
				GCC_WARN_UNINITIALIZED_AUTOS = YES_AGGRESSIVE;
				GCC_WARN_UNUSED_FUNCTION = YES;
				GCC_WARN_UNUSED_VARIABLE = YES;
				MACOSX_DEPLOYMENT_TARGET = 10.14;
				MTL_ENABLE_DEBUG_INFO = INCLUDE_SOURCE;
				MTL_FAST_MATH = YES;
				ONLY_ACTIVE_ARCH = YES;
				SDKROOT = macosx;
			};
			name = Debug;
		};
		2B3C651224FEA5E200082FFF /* Release */ = {
			isa = XCBuildConfiguration;
			buildSettings = {
				ALWAYS_SEARCH_USER_PATHS = NO;
				CLANG_ANALYZER_NONNULL = YES;
				CLANG_ANALYZER_NUMBER_OBJECT_CONVERSION = YES_AGGRESSIVE;
				CLANG_CXX_LANGUAGE_STANDARD = "gnu++14";
				CLANG_CXX_LIBRARY = "libc++";
				CLANG_ENABLE_MODULES = YES;
				CLANG_ENABLE_OBJC_ARC = YES;
				CLANG_ENABLE_OBJC_WEAK = YES;
				CLANG_WARN_BLOCK_CAPTURE_AUTORELEASING = YES;
				CLANG_WARN_BOOL_CONVERSION = YES;
				CLANG_WARN_COMMA = YES;
				CLANG_WARN_CONSTANT_CONVERSION = YES;
				CLANG_WARN_DEPRECATED_OBJC_IMPLEMENTATIONS = YES;
				CLANG_WARN_DIRECT_OBJC_ISA_USAGE = YES_ERROR;
				CLANG_WARN_DOCUMENTATION_COMMENTS = YES;
				CLANG_WARN_EMPTY_BODY = YES;
				CLANG_WARN_ENUM_CONVERSION = YES;
				CLANG_WARN_INFINITE_RECURSION = YES;
				CLANG_WARN_INT_CONVERSION = YES;
				CLANG_WARN_NON_LITERAL_NULL_CONVERSION = YES;
				CLANG_WARN_OBJC_IMPLICIT_RETAIN_SELF = YES;
				CLANG_WARN_OBJC_LITERAL_CONVERSION = YES;
				CLANG_WARN_OBJC_ROOT_CLASS = YES_ERROR;
				CLANG_WARN_RANGE_LOOP_ANALYSIS = YES;
				CLANG_WARN_STRICT_PROTOTYPES = YES;
				CLANG_WARN_SUSPICIOUS_MOVE = YES;
				CLANG_WARN_UNGUARDED_AVAILABILITY = YES_AGGRESSIVE;
				CLANG_WARN_UNREACHABLE_CODE = YES;
				CLANG_WARN__DUPLICATE_METHOD_MATCH = YES;
				CODE_SIGN_IDENTITY = "-";
				COPY_PHASE_STRIP = NO;
				DEBUG_INFORMATION_FORMAT = "dwarf-with-dsym";
				ENABLE_NS_ASSERTIONS = NO;
				ENABLE_STRICT_OBJC_MSGSEND = YES;
				GCC_C_LANGUAGE_STANDARD = gnu11;
				GCC_NO_COMMON_BLOCKS = YES;
				GCC_WARN_64_TO_32_BIT_CONVERSION = YES;
				GCC_WARN_ABOUT_RETURN_TYPE = YES_ERROR;
				GCC_WARN_UNDECLARED_SELECTOR = YES;
				GCC_WARN_UNINITIALIZED_AUTOS = YES_AGGRESSIVE;
				GCC_WARN_UNUSED_FUNCTION = YES;
				GCC_WARN_UNUSED_VARIABLE = YES;
				MACOSX_DEPLOYMENT_TARGET = 10.14;
				MTL_ENABLE_DEBUG_INFO = NO;
				MTL_FAST_MATH = YES;
				SDKROOT = macosx;
			};
			name = Release;
		};
		2B3C651424FEA5E200082FFF /* Debug */ = {
			isa = XCBuildConfiguration;
			buildSettings = {
				CODE_SIGN_STYLE = Automatic;
				PRODUCT_NAME = "$(TARGET_NAME)";
			};
			name = Debug;
		};
		2B3C651524FEA5E200082FFF /* Release */ = {
			isa = XCBuildConfiguration;
			buildSettings = {
				CODE_SIGN_STYLE = Automatic;
				PRODUCT_NAME = "$(TARGET_NAME)";
			};
			name = Release;
		};
/* End XCBuildConfiguration section */

/* Begin XCConfigurationList section */
		2B3C650724FEA5E200082FFF /* Build configuration list for PBXProject "asm" */ = {
			isa = XCConfigurationList;
			buildConfigurations = (
				2B3C651124FEA5E200082FFF /* Debug */,
				2B3C651224FEA5E200082FFF /* Release */,
			);
			defaultConfigurationIsVisible = 0;
			defaultConfigurationName = Release;
		};
		2B3C651324FEA5E200082FFF /* Build configuration list for PBXNativeTarget "asm" */ = {
			isa = XCConfigurationList;
			buildConfigurations = (
				2B3C651424FEA5E200082FFF /* Debug */,
				2B3C651524FEA5E200082FFF /* Release */,
			);
			defaultConfigurationIsVisible = 0;
			defaultConfigurationName = Release;
		};
/* End XCConfigurationList section */
	};
	rootObject = 2B3C650424FEA5E200082FFF /* Project object */;
}
